
Microsoft Visual Studio Solution File, Format Version 12.00
# Visual Studio 15
VisualStudioVersion = 15.0.27703.2035
MinimumVisualStudioVersion = 10.0.40219.1
Project("{FAE04EC0-301F-11D3-BF4B-00C04F79EFBC}") = "EntityApp", "EntityApp\EntityApp.csproj", "{1468ADF9-E18F-4F42-8E36-B5706D156B91}"
EndProject
Project("{FAE04EC0-301F-11D3-BF4B-00C04F79EFBC}") = "EntityApp.DbSet", "EntityApp.DbSet\EntityApp.DbSet.csproj", "{82936367-5724-455E-A0E9-F602EC432A23}"
EndProject
Global
	GlobalSection(SolutionConfigurationPlatforms) = preSolution
		Debug|Any CPU = Debug|Any CPU
		Release|Any CPU = Release|Any CPU
	EndGlobalSection
	GlobalSection(ProjectConfigurationPlatforms) = postSolution
		{1468ADF9-E18F-4F42-8E36-B5706D156B91}.Debug|Any CPU.ActiveCfg = Debug|Any CPU
		{1468ADF9-E18F-4F42-8E36-B5706D156B91}.Debug|Any CPU.Build.0 = Debug|Any CPU
		{1468ADF9-E18F-4F42-8E36-B5706D156B91}.Release|Any CPU.ActiveCfg = Release|Any CPU
		{1468ADF9-E18F-4F42-8E36-B5706D156B91}.Release|Any CPU.Build.0 = Release|Any CPU
		{82936367-5724-455E-A0E9-F602EC432A23}.Debug|Any CPU.ActiveCfg = Debug|Any CPU
		{82936367-5724-455E-A0E9-F602EC432A23}.Debug|Any CPU.Build.0 = Debug|Any CPU
		{82936367-5724-455E-A0E9-F602EC432A23}.Release|Any CPU.ActiveCfg = Release|Any CPU
		{82936367-5724-455E-A0E9-F602EC432A23}.Release|Any CPU.Build.0 = Release|Any CPU
	EndGlobalSection
	GlobalSection(SolutionProperties) = preSolution
		HideSolutionNode = FALSE
	EndGlobalSection
	GlobalSection(ExtensibilityGlobals) = postSolution
		SolutionGuid = {52363D9D-AEEC-4FF0-9708-12C725DDEBC1}
	EndGlobalSection
EndGlobal
